
Microsoft Visual Studio Solution File, Format Version 12.00
# Visual Studio Version 17
VisualStudioVersion = 17.13.35825.156 d17.13
MinimumVisualStudioVersion = 10.0.40219.1
Project("{FAE04EC0-301F-11D3-BF4B-00C04F79EFBC}") = "WpfAppWoCo", "WpfAppWoCo\WpfAppWoCo.csproj", "{357898B4-6BC5-4794-8837-9F229DB8B84E}"
EndProject
Global
	GlobalSection(SolutionConfigurationPlatforms) = preSolution
		Debug|Any CPU = Debug|Any CPU
		Release|Any CPU = Release|Any CPU
	EndGlobalSection
	GlobalSection(ProjectConfigurationPlatforms) = postSolution
		{357898B4-6BC5-4794-8837-9F229DB8B84E}.Debug|Any CPU.ActiveCfg = Debug|Any CPU
		{357898B4-6BC5-4794-8837-9F229DB8B84E}.Debug|Any CPU.Build.0 = Debug|Any CPU
		{357898B4-6BC5-4794-8837-9F229DB8B84E}.Release|Any CPU.ActiveCfg = Release|Any CPU
		{357898B4-6BC5-4794-8837-9F229DB8B84E}.Release|Any CPU.Build.0 = Release|Any CPU
	EndGlobalSection
	GlobalSection(SolutionProperties) = preSolution
		HideSolutionNode = FALSE
	EndGlobalSection
	GlobalSection(ExtensibilityGlobals) = postSolution
		SolutionGuid = {18353EBA-A700-4FD5-91EC-2C534A95E426}
	EndGlobalSection
EndGlobal
